PODS:
  - Alamofire (4.8.1)
  - Moya (12.0.1):
    - Moya/Core (= 12.0.1)
  - Moya/Core (12.0.1):
    - Alamofire (~> 4.1)
    - Result (~> 4.0)
  - Nimble (7.3.3)
  - PromiseKit (6.8.3):
    - PromiseKit/CorePromise (= 6.8.3)
    - PromiseKit/Foundation (= 6.8.3)
    - PromiseKit/UIKit (= 6.8.3)
  - PromiseKit/CorePromise (6.8.3)
  - PromiseKit/Foundation (6.8.3):
    - PromiseKit/CorePromise
  - PromiseKit/UIKit (6.8.3):
    - PromiseKit/CorePromise
  - Quick (1.3.4)
  - Result (4.1.0)

DEPENDENCIES:
  - Moya
  - Nimble
  - PromiseKit
  - Quick

SPEC REPOS:
  https://github.com/cocoapods/specs.git:
    - Alamofire
    - Moya
    - Nimble
    - PromiseKit
    - Quick
    - Result

SPEC CHECKSUMS:
  Alamofire: 16ce2c353fb72865124ddae8a57c5942388f4f11
  Moya: cf730b3cd9e005401ef37a85143aa141a12fd38f
  Nimble: 3b434b1e7d0a92603a13550a82880b0d952f518e
  PromiseKit: 94c6e781838c5bf4717677d0d882b0e7250c80fc
  Quick: f4f7f063c524394c73ed93ac70983c609805d481
  Result: bd966fac789cc6c1563440b348ab2598cc24d5c7

PODFILE CHECKSUM: 2a921d3ce67e8a8f03348d3e6a3b50a505ec3e04

COCOAPODS: 1.6.1
